
Microsoft Visual Studio Solution File, Format Version 12.00
# Visual Studio 14
VisualStudioVersion = 14.0.23107.0
MinimumVisualStudioVersion = 10.0.40219.1
Project("{8BC9CEB8-8B4A-11D0-8D11-00A0C91BC942}") = "awcutil2", "awcutil2\awcutil2.vcxproj", "{B31AD016-1D5F-4C8C-A786-29AB96712740}"
EndProject
Project("{8BC9CEB8-8B4A-11D0-8D11-00A0C91BC942}") = "testbed", "testbed\testbed.vcxproj", "{D1CBC82A-F7BF-446C-8F9E-3273F28F18C9}"
	ProjectSection(ProjectDependencies) = postProject
		{B31AD016-1D5F-4C8C-A786-29AB96712740} = {B31AD016-1D5F-4C8C-A786-29AB96712740}
	EndProjectSection
EndProject
Global
	GlobalSection(SolutionConfigurationPlatforms) = preSolution
		Debug|x64 = Debug|x64
		Debug|x86 = Debug|x86
		Release|x64 = Release|x64
		Release|x86 = Release|x86
	EndGlobalSection
	GlobalSection(ProjectConfigurationPlatforms) = postSolution
		{B31AD016-1D5F-4C8C-A786-29AB96712740}.Debug|x64.ActiveCfg = Debug|x64
		{B31AD016-1D5F-4C8C-A786-29AB96712740}.Debug|x64.Build.0 = Debug|x64
		{B31AD016-1D5F-4C8C-A786-29AB96712740}.Debug|x86.ActiveCfg = Debug|Win32
		{B31AD016-1D5F-4C8C-A786-29AB96712740}.Debug|x86.Build.0 = Debug|Win32
		{B31AD016-1D5F-4C8C-A786-29AB96712740}.Release|x64.ActiveCfg = Release|x64
		{B31AD016-1D5F-4C8C-A786-29AB96712740}.Release|x64.Build.0 = Release|x64
		{B31AD016-1D5F-4C8C-A786-29AB96712740}.Release|x86.ActiveCfg = Release|Win32
		{B31AD016-1D5F-4C8C-A786-29AB96712740}.Release|x86.Build.0 = Release|Win32
		{D1CBC82A-F7BF-446C-8F9E-3273F28F18C9}.Debug|x64.ActiveCfg = Debug|x64
		{D1CBC82A-F7BF-446C-8F9E-3273F28F18C9}.Debug|x64.Build.0 = Debug|x64
		{D1CBC82A-F7BF-446C-8F9E-3273F28F18C9}.Debug|x86.ActiveCfg = Debug|Win32
		{D1CBC82A-F7BF-446C-8F9E-3273F28F18C9}.Debug|x86.Build.0 = Debug|Win32
		{D1CBC82A-F7BF-446C-8F9E-3273F28F18C9}.Release|x64.ActiveCfg = Release|x64
		{D1CBC82A-F7BF-446C-8F9E-3273F28F18C9}.Release|x64.Build.0 = Release|x64
		{D1CBC82A-F7BF-446C-8F9E-3273F28F18C9}.Release|x86.ActiveCfg = Release|Win32
		{D1CBC82A-F7BF-446C-8F9E-3273F28F18C9}.Release|x86.Build.0 = Release|Win32
	EndGlobalSection
	GlobalSection(SolutionProperties) = preSolution
		HideSolutionNode = FALSE
	EndGlobalSection
EndGlobal
